
Microsoft Visual Studio Solution File, Format Version 12.00
# Visual Studio 15
VisualStudioVersion = 15.0.28307.645
MinimumVisualStudioVersion = 10.0.40219.1
Project("{888888A0-9F3D-457C-B088-3A5042F75D52}") = "newFlask", "newFlask\newFlask.pyproj", "{31B9CF2C-138C-4B0B-8036-3BD9DFCA4E87}"
EndProject
Global
	GlobalSection(SolutionConfigurationPlatforms) = preSolution
		Debug|Any CPU = Debug|Any CPU
		Release|Any CPU = Release|Any CPU
	EndGlobalSection
	GlobalSection(ProjectConfigurationPlatforms) = postSolution
		{31B9CF2C-138C-4B0B-8036-3BD9DFCA4E87}.Debug|Any CPU.ActiveCfg = Debug|Any CPU
		{31B9CF2C-138C-4B0B-8036-3BD9DFCA4E87}.Debug|Any CPU.Build.0 = Debug|Any CPU
		{31B9CF2C-138C-4B0B-8036-3BD9DFCA4E87}.Release|Any CPU.ActiveCfg = Release|Any CPU
		{31B9CF2C-138C-4B0B-8036-3BD9DFCA4E87}.Release|Any CPU.Build.0 = Release|Any CPU
	EndGlobalSection
	GlobalSection(SolutionProperties) = preSolution
		HideSolutionNode = FALSE
	EndGlobalSection
	GlobalSection(ExtensibilityGlobals) = postSolution
		SolutionGuid = {A5F6175D-4BAB-4F0E-93B1-4CC10B9CD677}
	EndGlobalSection
EndGlobal
